// !$*UTF8*$!
{
	archiveVersion = 1;
	classes = {
	};
	objectVersion = 48;
	objects = {

/* Begin PBXBuildFile section */
		04278DBC21ACFAE4007CB3F0 /* AppDelegate.swift in Sources */ = {isa = PBXBuildFile; fileRef = 04278DBB21ACFAE4007CB3F0 /* AppDelegate.swift */; };
		04278DC421ACFAE4007CB3F0 /* TheMealDB.xcdatamodeld in Sources */ = {isa = PBXBuildFile; fileRef = 04278DC221ACFAE4007CB3F0 /* TheMealDB.xcdatamodeld */; };
		04278DC921ACFAE4007CB3F0 /* LaunchScreen.storyboard in Resources */ = {isa = PBXBuildFile; fileRef = 04278DC721ACFAE4007CB3F0 /* LaunchScreen.storyboard */; };
		04394A3D21DF090500F7DF70 /* HomeViewController.swift in Sources */ = {isa = PBXBuildFile; fileRef = 04394A3B21DF090500F7DF70 /* HomeViewController.swift */; };
		04394A3E21DF090500F7DF70 /* HomeViewController.xib in Resources */ = {isa = PBXBuildFile; fileRef = 04394A3C21DF090500F7DF70 /* HomeViewController.xib */; };
		044829BE21AE46C000AD2CAD /* BaseViewController.swift in Sources */ = {isa = PBXBuildFile; fileRef = 044829BC21AE46C000AD2CAD /* BaseViewController.swift */; };
		044829BF21AE46C000AD2CAD /* BaseUIView.swift in Sources */ = {isa = PBXBuildFile; fileRef = 044829BD21AE46C000AD2CAD /* BaseUIView.swift */; };
		045964EF21C790A9005BF5C2 /* CategroryArray.swift in Sources */ = {isa = PBXBuildFile; fileRef = 045964EE21C790A8005BF5C2 /* CategroryArray.swift */; };
		045E5E5221E3886F00ED4D50 /* UIViewCornerRadius.swift in Sources */ = {isa = PBXBuildFile; fileRef = 045E5E5121E3886F00ED4D50 /* UIViewCornerRadius.swift */; };
		045E5E5421E392CE00ED4D50 /* UIImageTinColor.swift in Sources */ = {isa = PBXBuildFile; fileRef = 045E5E5321E392CE00ED4D50 /* UIImageTinColor.swift */; };
		046F409021E34C200090B39E /* Assets.xcassets in Resources */ = {isa = PBXBuildFile; fileRef = 046F408F21E34C200090B39E /* Assets.xcassets */; };
		048E093121C8A24900A453AC /* CategoryController.swift in Sources */ = {isa = PBXBuildFile; fileRef = 048E092F21C8A24900A453AC /* CategoryController.swift */; };
		048E093521C8A35700A453AC /* CategroryCell.swift in Sources */ = {isa = PBXBuildFile; fileRef = 048E093321C8A35700A453AC /* CategroryCell.swift */; };
		04B8A77E21E09FF80003D219 /* MealCell.xib in Resources */ = {isa = PBXBuildFile; fileRef = 04B8A77C21E09FF80003D219 /* MealCell.xib */; };
		04BC302421DDC03100FD60A0 /* CategroryCell.xib in Resources */ = {isa = PBXBuildFile; fileRef = 04BC302321DDC03100FD60A0 /* CategroryCell.xib */; };
		04BC302621DDC05700FD60A0 /* CategoryController.xib in Resources */ = {isa = PBXBuildFile; fileRef = 04BC302521DDC05700FD60A0 /* CategoryController.xib */; };
		04D07EFE21B6B2D200FFCA54 /* Resource.swift in Sources */ = {isa = PBXBuildFile; fileRef = 04D07EFB21B6B2D200FFCA54 /* Resource.swift */; };
		04D07EFF21B6B2D200FFCA54 /* Dimesion.swift in Sources */ = {isa = PBXBuildFile; fileRef = 04D07EFC21B6B2D200FFCA54 /* Dimesion.swift */; };
		04D07F0021B6B2D200FFCA54 /* Theme.swift in Sources */ = {isa = PBXBuildFile; fileRef = 04D07EFD21B6B2D200FFCA54 /* Theme.swift */; };
		04D07F1C21B6B32000FFCA54 /* MealsCollectionViewController.swift in Sources */ = {isa = PBXBuildFile; fileRef = 04D07F0821B6B32000FFCA54 /* MealsCollectionViewController.swift */; };
		04D07F2021B6B32000FFCA54 /* MealCell.swift in Sources */ = {isa = PBXBuildFile; fileRef = 04D07F0F21B6B32000FFCA54 /* MealCell.swift */; };
		04D07F2221B6B32000FFCA54 /* CategoriesCollectionView.swift in Sources */ = {isa = PBXBuildFile; fileRef = 04D07F1321B6B32000FFCA54 /* CategoriesCollectionView.swift */; };
		04D07F2A21B6B32B00FFCA54 /* TabBarController.swift in Sources */ = {isa = PBXBuildFile; fileRef = 04D07F2921B6B32B00FFCA54 /* TabBarController.swift */; };
		04E972FE21C742CE00E8E746 /* BaseError.swift in Sources */ = {isa = PBXBuildFile; fileRef = 04E972F121C742CE00E8E746 /* BaseError.swift */; };
		04E972FF21C742CE00E8E746 /* ErrorResponse.swift in Sources */ = {isa = PBXBuildFile; fileRef = 04E972F221C742CE00E8E746 /* ErrorResponse.swift */; };
		04E9730121C742CE00E8E746 /* BaseRequest.swift in Sources */ = {isa = PBXBuildFile; fileRef = 04E972F721C742CE00E8E746 /* BaseRequest.swift */; };
		04E9730221C742CE00E8E746 /* CategroryRequest.swift in Sources */ = {isa = PBXBuildFile; fileRef = 04E972F821C742CE00E8E746 /* CategroryRequest.swift */; };
		04E9730321C742CE00E8E746 /* Urls.swift in Sources */ = {isa = PBXBuildFile; fileRef = 04E972F921C742CE00E8E746 /* Urls.swift */; };
		04E9730421C742CE00E8E746 /* CategroryResponse.swift in Sources */ = {isa = PBXBuildFile; fileRef = 04E972FB21C742CE00E8E746 /* CategroryResponse.swift */; };
		04E9730521C742CE00E8E746 /* APIService.swift in Sources */ = {isa = PBXBuildFile; fileRef = 04E972FD21C742CE00E8E746 /* APIService.swift */; };
		04E9730821C756AD00E8E746 /* CategroryRepository.swift in Sources */ = {isa = PBXBuildFile; fileRef = 04E9730721C756AD00E8E746 /* CategroryRepository.swift */; };
		04F8B76021E335A5003111B1 /* CustomCollectionViewDelegate.swift in Sources */ = {isa = PBXBuildFile; fileRef = 04F8B75F21E335A5003111B1 /* CustomCollectionViewDelegate.swift */; };
		04F90E0E21C892D000AA2D36 /* MealRepositoty.swift in Sources */ = {isa = PBXBuildFile; fileRef = 04F90E0D21C892D000AA2D36 /* MealRepositoty.swift */; };
		04F90E1121C892E400AA2D36 /* Meal.swift in Sources */ = {isa = PBXBuildFile; fileRef = 04F90E0F21C892E400AA2D36 /* Meal.swift */; };
		04F90E1221C892E400AA2D36 /* MealResult.swift in Sources */ = {isa = PBXBuildFile; fileRef = 04F90E1021C892E400AA2D36 /* MealResult.swift */; };
		04F90E1421C892F300AA2D36 /* MealRequest.swift in Sources */ = {isa = PBXBuildFile; fileRef = 04F90E1321C892F300AA2D36 /* MealRequest.swift */; };
		04FA2FA821C77940003E13FA /* CategroryItem.swift in Sources */ = {isa = PBXBuildFile; fileRef = 04FA2FA721C77940003E13FA /* CategroryItem.swift */; };
		04FA2FAA21C7799F003E13FA /* BaseResults.swift in Sources */ = {isa = PBXBuildFile; fileRef = 04FA2FA921C7799F003E13FA /* BaseResults.swift */; };
		9B564FBF02378E7B35EAB480 /* Pods_TheMealDB.framework in Frameworks */ = {isa = PBXBuildFile; fileRef = 9D64DE2C1D08D5281127BF7F /* Pods_TheMealDB.framework */; };
/* End PBXBuildFile section */

/* Begin PBXFileReference section */
		04278DB821ACFAE4007CB3F0 /* TheMealDB.app */ = {isa = PBXFileReference; explicitFileType = wrapper.application; includeInIndex = 0; path = TheMealDB.app; sourceTree = BUILT_PRODUCTS_DIR; };
		04278DBB21ACFAE4007CB3F0 /* AppDelegate.swift */ = {isa = PBXFileReference; lastKnownFileType = sourcecode.swift; path = AppDelegate.swift; sourceTree = "<group>"; };
		04278DC321ACFAE4007CB3F0 /* TheMealDB.xcdatamodel */ = {isa = PBXFileReference; lastKnownFileType = wrapper.xcdatamodel; path = TheMealDB.xcdatamodel; sourceTree = "<group>"; };
		04278DC821ACFAE4007CB3F0 /* Base */ = {isa = PBXFileReference; lastKnownFileType = file.storyboard; name = Base; path = Base.lproj/LaunchScreen.storyboard; sourceTree = "<group>"; };
		04278DCA21ACFAE4007CB3F0 /* Info.plist */ = {isa = PBXFileReference; lastKnownFileType = text.plist.xml; path = Info.plist; sourceTree = "<group>"; };
		04394A3B21DF090500F7DF70 /* HomeViewController.swift */ = {isa = PBXFileReference; lastKnownFileType = sourcecode.swift; path = HomeViewController.swift; sourceTree = "<group>"; };
		04394A3C21DF090500F7DF70 /* HomeViewController.xib */ = {isa = PBXFileReference; lastKnownFileType = file.xib; path = HomeViewController.xib; sourceTree = "<group>"; };
		044829BC21AE46C000AD2CAD /* BaseViewController.swift */ = {isa = PBXFileReference; fileEncoding = 4; lastKnownFileType = sourcecode.swift; path = BaseViewController.swift; sourceTree = "<group>"; };
		044829BD21AE46C000AD2CAD /* BaseUIView.swift */ = {isa = PBXFileReference; fileEncoding = 4; lastKnownFileType = sourcecode.swift; path = BaseUIView.swift; sourceTree = "<group>"; };
		045964EE21C790A8005BF5C2 /* CategroryArray.swift */ = {isa = PBXFileReference; fileEncoding = 4; lastKnownFileType = sourcecode.swift; path = CategroryArray.swift; sourceTree = "<group>"; };
		045E5E5121E3886F00ED4D50 /* UIViewCornerRadius.swift */ = {isa = PBXFileReference; lastKnownFileType = sourcecode.swift; path = UIViewCornerRadius.swift; sourceTree = "<group>"; };
		045E5E5321E392CE00ED4D50 /* UIImageTinColor.swift */ = {isa = PBXFileReference; lastKnownFileType = sourcecode.swift; path = UIImageTinColor.swift; sourceTree = "<group>"; };
		046F408F21E34C200090B39E /* Assets.xcassets */ = {isa = PBXFileReference; lastKnownFileType = folder.assetcatalog; path = Assets.xcassets; sourceTree = "<group>"; };
		048E092F21C8A24900A453AC /* CategoryController.swift */ = {isa = PBXFileReference; lastKnownFileType = sourcecode.swift; path = CategoryController.swift; sourceTree = "<group>"; };
		048E093321C8A35700A453AC /* CategroryCell.swift */ = {isa = PBXFileReference; lastKnownFileType = sourcecode.swift; path = CategroryCell.swift; sourceTree = "<group>"; };
		04B8A77C21E09FF80003D219 /* MealCell.xib */ = {isa = PBXFileReference; lastKnownFileType = file.xib; path = MealCell.xib; sourceTree = "<group>"; };
		04BC302321DDC03100FD60A0 /* CategroryCell.xib */ = {isa = PBXFileReference; fileEncoding = 4; lastKnownFileType = file.xib; path = CategroryCell.xib; sourceTree = "<group>"; };
		04BC302521DDC05700FD60A0 /* CategoryController.xib */ = {isa = PBXFileReference; fileEncoding = 4; lastKnownFileType = file.xib; path = CategoryController.xib; sourceTree = "<group>"; };
		04D07EFB21B6B2D200FFCA54 /* Resource.swift */ = {isa = PBXFileReference; fileEncoding = 4; lastKnownFileType = sourcecode.swift; path = Resource.swift; sourceTree = "<group>"; };
		04D07EFC21B6B2D200FFCA54 /* Dimesion.swift */ = {isa = PBXFileReference; fileEncoding = 4; lastKnownFileType = sourcecode.swift; path = Dimesion.swift; sourceTree = "<group>"; };
		04D07EFD21B6B2D200FFCA54 /* Theme.swift */ = {isa = PBXFileReference; fileEncoding = 4; lastKnownFileType = sourcecode.swift; path = Theme.swift; sourceTree = "<group>"; };
		04D07F0821B6B32000FFCA54 /* MealsCollectionViewController.swift */ = {isa = PBXFileReference; fileEncoding = 4; lastKnownFileType = sourcecode.swift; path = MealsCollectionViewController.swift; sourceTree = "<group>"; };
		04D07F0F21B6B32000FFCA54 /* MealCell.swift */ = {isa = PBXFileReference; fileEncoding = 4; lastKnownFileType = sourcecode.swift; path = MealCell.swift; sourceTree = "<group>"; };
		04D07F1321B6B32000FFCA54 /* CategoriesCollectionView.swift */ = {isa = PBXFileReference; fileEncoding = 4; lastKnownFileType = sourcecode.swift; path = CategoriesCollectionView.swift; sourceTree = "<group>"; };
		04D07F2921B6B32B00FFCA54 /* TabBarController.swift */ = {isa = PBXFileReference; fileEncoding = 4; lastKnownFileType = sourcecode.swift; path = TabBarController.swift; sourceTree = "<group>"; };
		04E972F121C742CE00E8E746 /* BaseError.swift */ = {isa = PBXFileReference; fileEncoding = 4; lastKnownFileType = sourcecode.swift; path = BaseError.swift; sourceTree = "<group>"; };
		04E972F221C742CE00E8E746 /* ErrorResponse.swift */ = {isa = PBXFileReference; fileEncoding = 4; lastKnownFileType = sourcecode.swift; path = ErrorResponse.swift; sourceTree = "<group>"; };
		04E972F721C742CE00E8E746 /* BaseRequest.swift */ = {isa = PBXFileReference; fileEncoding = 4; lastKnownFileType = sourcecode.swift; path = BaseRequest.swift; sourceTree = "<group>"; };
		04E972F821C742CE00E8E746 /* CategroryRequest.swift */ = {isa = PBXFileReference; fileEncoding = 4; lastKnownFileType = sourcecode.swift; path = CategroryRequest.swift; sourceTree = "<group>"; };
		04E972F921C742CE00E8E746 /* Urls.swift */ = {isa = PBXFileReference; fileEncoding = 4; lastKnownFileType = sourcecode.swift; path = Urls.swift; sourceTree = "<group>"; };
		04E972FB21C742CE00E8E746 /* CategroryResponse.swift */ = {isa = PBXFileReference; fileEncoding = 4; lastKnownFileType = sourcecode.swift; path = CategroryResponse.swift; sourceTree = "<group>"; };
		04E972FD21C742CE00E8E746 /* APIService.swift */ = {isa = PBXFileReference; fileEncoding = 4; lastKnownFileType = sourcecode.swift; path = APIService.swift; sourceTree = "<group>"; };
		04E9730721C756AD00E8E746 /* CategroryRepository.swift */ = {isa = PBXFileReference; lastKnownFileType = sourcecode.swift; path = CategroryRepository.swift; sourceTree = "<group>"; };
		04F8B75F21E335A5003111B1 /* CustomCollectionViewDelegate.swift */ = {isa = PBXFileReference; lastKnownFileType = sourcecode.swift; path = CustomCollectionViewDelegate.swift; sourceTree = "<group>"; };
		04F90E0D21C892D000AA2D36 /* MealRepositoty.swift */ = {isa = PBXFileReference; fileEncoding = 4; lastKnownFileType = sourcecode.swift; path = MealRepositoty.swift; sourceTree = "<group>"; };
		04F90E0F21C892E400AA2D36 /* Meal.swift */ = {isa = PBXFileReference; fileEncoding = 4; lastKnownFileType = sourcecode.swift; path = Meal.swift; sourceTree = "<group>"; };
		04F90E1021C892E400AA2D36 /* MealResult.swift */ = {isa = PBXFileReference; fileEncoding = 4; lastKnownFileType = sourcecode.swift; path = MealResult.swift; sourceTree = "<group>"; };
		04F90E1321C892F300AA2D36 /* MealRequest.swift */ = {isa = PBXFileReference; fileEncoding = 4; lastKnownFileType = sourcecode.swift; path = MealRequest.swift; sourceTree = "<group>"; };
		04FA2FA721C77940003E13FA /* CategroryItem.swift */ = {isa = PBXFileReference; lastKnownFileType = sourcecode.swift; path = CategroryItem.swift; sourceTree = "<group>"; };
		04FA2FA921C7799F003E13FA /* BaseResults.swift */ = {isa = PBXFileReference; lastKnownFileType = sourcecode.swift; path = BaseResults.swift; sourceTree = "<group>"; };
		18F0D5343A05DF23FAC81087 /* Pods-TheMealDB.release.xcconfig */ = {isa = PBXFileReference; includeInIndex = 1; lastKnownFileType = text.xcconfig; name = "Pods-TheMealDB.release.xcconfig"; path = "Pods/Target Support Files/Pods-TheMealDB/Pods-TheMealDB.release.xcconfig"; sourceTree = "<group>"; };
		541DF43EC50DBF2532C7D805 /* Pods-TheMealDB.debug.xcconfig */ = {isa = PBXFileReference; includeInIndex = 1; lastKnownFileType = text.xcconfig; name = "Pods-TheMealDB.debug.xcconfig"; path = "Pods/Target Support Files/Pods-TheMealDB/Pods-TheMealDB.debug.xcconfig"; sourceTree = "<group>"; };
		9D64DE2C1D08D5281127BF7F /* Pods_TheMealDB.framework */ = {isa = PBXFileReference; explicitFileType = wrapper.framework; includeInIndex = 0; path = Pods_TheMealDB.framework; sourceTree = BUILT_PRODUCTS_DIR; };
/* End PBXFileReference section */

/* Begin PBXFrameworksBuildPhase section */
		04278DB521ACFAE4007CB3F0 /* Frameworks */ = {
			isa = PBXFrameworksBuildPhase;
			buildActionMask = 2147483647;
			files = (
				9B564FBF02378E7B35EAB480 /* Pods_TheMealDB.framework in Frameworks */,
			);
			runOnlyForDeploymentPostprocessing = 0;
		};
/* End PBXFrameworksBuildPhase section */

/* Begin PBXGroup section */
		04278DAF21ACFAE4007CB3F0 = {
			isa = PBXGroup;
			children = (
				04278DBA21ACFAE4007CB3F0 /* TheMealDB */,
				04278DB921ACFAE4007CB3F0 /* Products */,
				EAC0D2D9329A0E9EF593FD4B /* Pods */,
				74A200E48A1638EA2A0C1B62 /* Frameworks */,
			);
			sourceTree = "<group>";
		};
		04278DB921ACFAE4007CB3F0 /* Products */ = {
			isa = PBXGroup;
			children = (
				04278DB821ACFAE4007CB3F0 /* TheMealDB.app */,
			);
			name = Products;
			sourceTree = "<group>";
		};
		04278DBA21ACFAE4007CB3F0 /* TheMealDB */ = {
			isa = PBXGroup;
			children = (
				04E972EF21C742CE00E8E746 /* API */,
				044829B321AE46B500AD2CAD /* Common */,
				044829C321AE490F00AD2CAD /* Moduls */,
				045E5E5021E386EA00ED4D50 /* Extension */,
				044829B121AE469100AD2CAD /* Support */,
			);
			path = TheMealDB;
			sourceTree = "<group>";
		};
		04394A3A21DF08E500F7DF70 /* Controller */ = {
			isa = PBXGroup;
			children = (
				04394A3B21DF090500F7DF70 /* HomeViewController.swift */,
				04394A3C21DF090500F7DF70 /* HomeViewController.xib */,
			);
			path = Controller;
			sourceTree = "<group>";
		};
		044829B121AE469100AD2CAD /* Support */ = {
			isa = PBXGroup;
			children = (
				04278DBB21ACFAE4007CB3F0 /* AppDelegate.swift */,
				046F408F21E34C200090B39E /* Assets.xcassets */,
				04278DC721ACFAE4007CB3F0 /* LaunchScreen.storyboard */,
				04278DCA21ACFAE4007CB3F0 /* Info.plist */,
				04278DC221ACFAE4007CB3F0 /* TheMealDB.xcdatamodeld */,
			);
			path = Support;
			sourceTree = "<group>";
		};
		044829B321AE46B500AD2CAD /* Common */ = {
			isa = PBXGroup;
			children = (
				044829B421AE46B500AD2CAD /* Base */,
				044829B521AE46B500AD2CAD /* Style */,
			);
			path = Common;
			sourceTree = "<group>";
		};
		044829B421AE46B500AD2CAD /* Base */ = {
			isa = PBXGroup;
			children = (
				044829BC21AE46C000AD2CAD /* BaseViewController.swift */,
				044829BD21AE46C000AD2CAD /* BaseUIView.swift */,
			);
			path = Base;
			sourceTree = "<group>";
		};
		044829B521AE46B500AD2CAD /* Style */ = {
			isa = PBXGroup;
			children = (
				04D07EFC21B6B2D200FFCA54 /* Dimesion.swift */,
				04D07EFB21B6B2D200FFCA54 /* Resource.swift */,
				04D07EFD21B6B2D200FFCA54 /* Theme.swift */,
			);
			path = Style;
			sourceTree = "<group>";
		};
		044829C321AE490F00AD2CAD /* Moduls */ = {
			isa = PBXGroup;
			children = (
				04D07F2821B6B32B00FFCA54 /* tabBarController */,
				044829C421AE491E00AD2CAD /* HomeScreen */,
				048E092C21C8A1E700A453AC /* CategroryScreen */,
			);
			path = Moduls;
			sourceTree = "<group>";
		};
		044829C421AE491E00AD2CAD /* HomeScreen */ = {
			isa = PBXGroup;
			children = (
				04F8B75E21E33581003111B1 /* Protocol */,
				04394A3A21DF08E500F7DF70 /* Controller */,
				04D07F1121B6B32000FFCA54 /* categoriesCollectionViewController */,
				04D07F0621B6B32000FFCA54 /* mealsTableViewController */,
			);
			path = HomeScreen;
			sourceTree = "<group>";
		};
		045E5E5021E386EA00ED4D50 /* Extension */ = {
			isa = PBXGroup;
			children = (
				045E5E5121E3886F00ED4D50 /* UIViewCornerRadius.swift */,
				045E5E5321E392CE00ED4D50 /* UIImageTinColor.swift */,
			);
			path = Extension;
			sourceTree = "<group>";
		};
		048E092C21C8A1E700A453AC /* CategroryScreen */ = {
			isa = PBXGroup;
			children = (
				048E092E21C8A20900A453AC /* View */,
				048E092D21C8A20400A453AC /* Controller */,
			);
			path = CategroryScreen;
			sourceTree = "<group>";
		};
		048E092D21C8A20400A453AC /* Controller */ = {
			isa = PBXGroup;
			children = (
				048E092F21C8A24900A453AC /* CategoryController.swift */,
				04BC302521DDC05700FD60A0 /* CategoryController.xib */,
			);
			path = Controller;
			sourceTree = "<group>";
		};
		048E092E21C8A20900A453AC /* View */ = {
			isa = PBXGroup;
			children = (
				048E093321C8A35700A453AC /* CategroryCell.swift */,
				04BC302321DDC03100FD60A0 /* CategroryCell.xib */,
			);
			path = View;
			sourceTree = "<group>";
		};
		04D07F0621B6B32000FFCA54 /* mealsTableViewController */ = {
			isa = PBXGroup;
			children = (
				04D07F0721B6B32000FFCA54 /* Controller */,
				04D07F0E21B6B32000FFCA54 /* View */,
			);
			path = mealsTableViewController;
			sourceTree = "<group>";
		};
		04D07F0721B6B32000FFCA54 /* Controller */ = {
			isa = PBXGroup;
			children = (
				04D07F0821B6B32000FFCA54 /* MealsCollectionViewController.swift */,
			);
			path = Controller;
			sourceTree = "<group>";
		};
		04D07F0E21B6B32000FFCA54 /* View */ = {
			isa = PBXGroup;
			children = (
				04D07F0F21B6B32000FFCA54 /* MealCell.swift */,
				04B8A77C21E09FF80003D219 /* MealCell.xib */,
			);
			path = View;
			sourceTree = "<group>";
		};
		04D07F1121B6B32000FFCA54 /* categoriesCollectionViewController */ = {
			isa = PBXGroup;
			children = (
				04D07F1221B6B32000FFCA54 /* Controller */,
			);
			path = categoriesCollectionViewController;
			sourceTree = "<group>";
		};
		04D07F1221B6B32000FFCA54 /* Controller */ = {
			isa = PBXGroup;
			children = (
				04D07F1321B6B32000FFCA54 /* CategoriesCollectionView.swift */,
			);
			path = Controller;
			sourceTree = "<group>";
		};
		04D07F2821B6B32B00FFCA54 /* tabBarController */ = {
			isa = PBXGroup;
			children = (
				04D07F2921B6B32B00FFCA54 /* TabBarController.swift */,
			);
			path = tabBarController;
			sourceTree = "<group>";
		};
		04E972EF21C742CE00E8E746 /* API */ = {
			isa = PBXGroup;
			children = (
				04E9730621C7569300E8E746 /* Repository */,
				04E972F021C742CE00E8E746 /* Error */,
				04E972F321C742CE00E8E746 /* Middleware */,
				04E972F421C742CE00E8E746 /* Model */,
				04E972F621C742CE00E8E746 /* Request */,
				04E972FA21C742CE00E8E746 /* Response */,
				04E972FC21C742CE00E8E746 /* ServerManager */,
			);
			path = API;
			sourceTree = "<group>";
		};
		04E972F021C742CE00E8E746 /* Error */ = {
			isa = PBXGroup;
			children = (
				04E972F121C742CE00E8E746 /* BaseError.swift */,
				04E972F221C742CE00E8E746 /* ErrorResponse.swift */,
			);
			path = Error;
			sourceTree = "<group>";
		};
		04E972F321C742CE00E8E746 /* Middleware */ = {
			isa = PBXGroup;
			children = (
				04FA2FA921C7799F003E13FA /* BaseResults.swift */,
			);
			path = Middleware;
			sourceTree = "<group>";
		};
		04E972F421C742CE00E8E746 /* Model */ = {
			isa = PBXGroup;
			children = (
				04F90E1021C892E400AA2D36 /* MealResult.swift */,
				04F90E0F21C892E400AA2D36 /* Meal.swift */,
				045964EE21C790A8005BF5C2 /* CategroryArray.swift */,
				04FA2FA721C77940003E13FA /* CategroryItem.swift */,
			);
			path = Model;
			sourceTree = "<group>";
		};
		04E972F621C742CE00E8E746 /* Request */ = {
			isa = PBXGroup;
			children = (
				04F90E1321C892F300AA2D36 /* MealRequest.swift */,
				04E972F721C742CE00E8E746 /* BaseRequest.swift */,
				04E972F821C742CE00E8E746 /* CategroryRequest.swift */,
				04E972F921C742CE00E8E746 /* Urls.swift */,
			);
			path = Request;
			sourceTree = "<group>";
		};
		04E972FA21C742CE00E8E746 /* Response */ = {
			isa = PBXGroup;
			children = (
				04E972FB21C742CE00E8E746 /* CategroryResponse.swift */,
			);
			path = Response;
			sourceTree = "<group>";
		};
		04E972FC21C742CE00E8E746 /* ServerManager */ = {
			isa = PBXGroup;
			children = (
				04E972FD21C742CE00E8E746 /* APIService.swift */,
			);
			path = ServerManager;
			sourceTree = "<group>";
		};
		04E9730621C7569300E8E746 /* Repository */ = {
			isa = PBXGroup;
			children = (
				04F90E0D21C892D000AA2D36 /* MealRepositoty.swift */,
				04E9730721C756AD00E8E746 /* CategroryRepository.swift */,
			);
			path = Repository;
			sourceTree = "<group>";
		};
		04F8B75E21E33581003111B1 /* Protocol */ = {
			isa = PBXGroup;
			children = (
				04F8B75F21E335A5003111B1 /* CustomCollectionViewDelegate.swift */,
			);
			path = Protocol;
			sourceTree = "<group>";
		};
		74A200E48A1638EA2A0C1B62 /* Frameworks */ = {
			isa = PBXGroup;
			children = (
				9D64DE2C1D08D5281127BF7F /* Pods_TheMealDB.framework */,
			);
			name = Frameworks;
			sourceTree = "<group>";
		};
		EAC0D2D9329A0E9EF593FD4B /* Pods */ = {
			isa = PBXGroup;
			children = (
				541DF43EC50DBF2532C7D805 /* Pods-TheMealDB.debug.xcconfig */,
				18F0D5343A05DF23FAC81087 /* Pods-TheMealDB.release.xcconfig */,
			);
			name = Pods;
			sourceTree = "<group>";
		};
/* End PBXGroup section */

/* Begin PBXNativeTarget section */
		04278DB721ACFAE4007CB3F0 /* TheMealDB */ = {
			isa = PBXNativeTarget;
			buildConfigurationList = 04278DCD21ACFAE4007CB3F0 /* Build configuration list for PBXNativeTarget "TheMealDB" */;
			buildPhases = (
				E302B19F0425FD72D3D04F0B /* [CP] Check Pods Manifest.lock */,
				04278DB421ACFAE4007CB3F0 /* Sources */,
				04278DB521ACFAE4007CB3F0 /* Frameworks */,
				04278DB621ACFAE4007CB3F0 /* Resources */,
				A07BD5BFF14A5FBCB8B6CCEE /* [CP] Embed Pods Frameworks */,
			);
			buildRules = (
			);
			dependencies = (
			);
			name = TheMealDB;
			productName = TheMealDB;
			productReference = 04278DB821ACFAE4007CB3F0 /* TheMealDB.app */;
			productType = "com.apple.product-type.application";
		};
/* End PBXNativeTarget section */

/* Begin PBXProject section */
		04278DB021ACFAE4007CB3F0 /* Project object */ = {
			isa = PBXProject;
			attributes = {
				LastSwiftUpdateCheck = 0920;
				LastUpgradeCheck = 0920;
				ORGANIZATIONNAME = mac;
				TargetAttributes = {
					04278DB721ACFAE4007CB3F0 = {
						CreatedOnToolsVersion = 9.2;
						ProvisioningStyle = Automatic;
					};
				};
			};
			buildConfigurationList = 04278DB321ACFAE4007CB3F0 /* Build configuration list for PBXProject "TheMealDB" */;
			compatibilityVersion = "Xcode 8.0";
			developmentRegion = en;
			hasScannedForEncodings = 0;
			knownRegions = (
				en,
				Base,
			);
			mainGroup = 04278DAF21ACFAE4007CB3F0;
			productRefGroup = 04278DB921ACFAE4007CB3F0 /* Products */;
			projectDirPath = "";
			projectRoot = "";
			targets = (
				04278DB721ACFAE4007CB3F0 /* TheMealDB */,
			);
		};
/* End PBXProject section */

/* Begin PBXResourcesBuildPhase section */
		04278DB621ACFAE4007CB3F0 /* Resources */ = {
			isa = PBXResourcesBuildPhase;
			buildActionMask = 2147483647;
			files = (
				04278DC921ACFAE4007CB3F0 /* LaunchScreen.storyboard in Resources */,
				04BC302421DDC03100FD60A0 /* CategroryCell.xib in Resources */,
				04394A3E21DF090500F7DF70 /* HomeViewController.xib in Resources */,
				04B8A77E21E09FF80003D219 /* MealCell.xib in Resources */,
				046F409021E34C200090B39E /* Assets.xcassets in Resources */,
				04BC302621DDC05700FD60A0 /* CategoryController.xib in Resources */,
			);
			runOnlyForDeploymentPostprocessing = 0;
		};
/* End PBXResourcesBuildPhase section */

/* Begin PBXShellScriptBuildPhase section */
		A07BD5BFF14A5FBCB8B6CCEE /* [CP] Embed Pods Frameworks */ = {
			isa = PBXShellScriptBuildPhase;
			buildActionMask = 2147483647;
			files = (
			);
			inputPaths = (
				"${SRCROOT}/Pods/Target Support Files/Pods-TheMealDB/Pods-TheMealDB-frameworks.sh",
				"${BUILT_PRODUCTS_DIR}/Alamofire/Alamofire.framework",
				"${BUILT_PRODUCTS_DIR}/Kingfisher/Kingfisher.framework",
				"${BUILT_PRODUCTS_DIR}/ObjectMapper/ObjectMapper.framework",
				"${BUILT_PRODUCTS_DIR}/SDWebImage/SDWebImage.framework",
				"${BUILT_PRODUCTS_DIR}/SnapKit/SnapKit.framework",
			);
			name = "[CP] Embed Pods Frameworks";
			outputPaths = (
				"${TARGET_BUILD_DIR}/${FRAMEWORKS_FOLDER_PATH}/Alamofire.framework",
				"${TARGET_BUILD_DIR}/${FRAMEWORKS_FOLDER_PATH}/Kingfisher.framework",
				"${TARGET_BUILD_DIR}/${FRAMEWORKS_FOLDER_PATH}/ObjectMapper.framework",
				"${TARGET_BUILD_DIR}/${FRAMEWORKS_FOLDER_PATH}/SDWebImage.framework",
				"${TARGET_BUILD_DIR}/${FRAMEWORKS_FOLDER_PATH}/SnapKit.framework",
			);
			runOnlyForDeploymentPostprocessing = 0;
			shellPath = /bin/sh;
			shellScript = "\"${SRCROOT}/Pods/Target Support Files/Pods-TheMealDB/Pods-TheMealDB-frameworks.sh\"\n";
			showEnvVarsInLog = 0;
		};
		E302B19F0425FD72D3D04F0B /* [CP] Check Pods Manifest.lock */ = {
			isa = PBXShellScriptBuildPhase;
			buildActionMask = 2147483647;
			files = (
			);
			inputPaths = (
				"${PODS_PODFILE_DIR_PATH}/Podfile.lock",
				"${PODS_ROOT}/Manifest.lock",
			);
			name = "[CP] Check Pods Manifest.lock";
			outputPaths = (
				"$(DERIVED_FILE_DIR)/Pods-TheMealDB-checkManifestLockResult.txt",
			);
			runOnlyForDeploymentPostprocessing = 0;
			shellPath = /bin/sh;
			shellScript = "diff \"${PODS_PODFILE_DIR_PATH}/Podfile.lock\" \"${PODS_ROOT}/Manifest.lock\" > /dev/null\nif [ $? != 0 ] ; then\n    # print error to STDERR\n    echo \"error: The sandbox is not in sync with the Podfile.lock. Run 'pod install' or update your CocoaPods installation.\" >&2\n    exit 1\nfi\n# This output is used by Xcode 'outputs' to avoid re-running this script phase.\necho \"SUCCESS\" > \"${SCRIPT_OUTPUT_FILE_0}\"\n";
			showEnvVarsInLog = 0;
		};
/* End PBXShellScriptBuildPhase section */

/* Begin PBXSourcesBuildPhase section */
		04278DB421ACFAE4007CB3F0 /* Sources */ = {
			isa = PBXSourcesBuildPhase;
			buildActionMask = 2147483647;
			files = (
				048E093521C8A35700A453AC /* CategroryCell.swift in Sources */,
				04E9730821C756AD00E8E746 /* CategroryRepository.swift in Sources */,
				04278DBC21ACFAE4007CB3F0 /* AppDelegate.swift in Sources */,
				048E093121C8A24900A453AC /* CategoryController.swift in Sources */,
				04E9730321C742CE00E8E746 /* Urls.swift in Sources */,
				04394A3D21DF090500F7DF70 /* HomeViewController.swift in Sources */,
				04D07F0021B6B2D200FFCA54 /* Theme.swift in Sources */,
				04FA2FA821C77940003E13FA /* CategroryItem.swift in Sources */,
				04E972FE21C742CE00E8E746 /* BaseError.swift in Sources */,
				04D07F2A21B6B32B00FFCA54 /* TabBarController.swift in Sources */,
				04E9730121C742CE00E8E746 /* BaseRequest.swift in Sources */,
				044829BF21AE46C000AD2CAD /* BaseUIView.swift in Sources */,
				04D07F2221B6B32000FFCA54 /* CategoriesCollectionView.swift in Sources */,
				04D07EFE21B6B2D200FFCA54 /* Resource.swift in Sources */,
				04E9730421C742CE00E8E746 /* CategroryResponse.swift in Sources */,
				045964EF21C790A9005BF5C2 /* CategroryArray.swift in Sources */,
				04E9730221C742CE00E8E746 /* CategroryRequest.swift in Sources */,
				045E5E5221E3886F00ED4D50 /* UIViewCornerRadius.swift in Sources */,
				04F8B76021E335A5003111B1 /* CustomCollectionViewDelegate.swift in Sources */,
				04FA2FAA21C7799F003E13FA /* BaseResults.swift in Sources */,
				04F90E1221C892E400AA2D36 /* MealResult.swift in Sources */,
				04D07F1C21B6B32000FFCA54 /* MealsCollectionViewController.swift in Sources */,
				04F90E1421C892F300AA2D36 /* MealRequest.swift in Sources */,
				04F90E1121C892E400AA2D36 /* Meal.swift in Sources */,
				04E972FF21C742CE00E8E746 /* ErrorResponse.swift in Sources */,
				04278DC421ACFAE4007CB3F0 /* TheMealDB.xcdatamodeld in Sources */,
				04E9730521C742CE00E8E746 /* APIService.swift in Sources */,
				045E5E5421E392CE00ED4D50 /* UIImageTinColor.swift in Sources */,
				04F90E0E21C892D000AA2D36 /* MealRepositoty.swift in Sources */,
				044829BE21AE46C000AD2CAD /* BaseViewController.swift in Sources */,
				04D07EFF21B6B2D200FFCA54 /* Dimesion.swift in Sources */,
				04D07F2021B6B32000FFCA54 /* MealCell.swift in Sources */,
			);
			runOnlyForDeploymentPostprocessing = 0;
		};
/* End PBXSourcesBuildPhase section */

/* Begin PBXVariantGroup section */
		04278DC721ACFAE4007CB3F0 /* LaunchScreen.storyboard */ = {
			isa = PBXVariantGroup;
			children = (
				04278DC821ACFAE4007CB3F0 /* Base */,
			);
			name = LaunchScreen.storyboard;
			sourceTree = "<group>";
		};
/* End PBXVariantGroup section */

/* Begin XCBuildConfiguration section */
		04278DCB21ACFAE4007CB3F0 /* Debug */ = {
			isa = XCBuildConfiguration;
			buildSettings = {
				ALWAYS_SEARCH_USER_PATHS = NO;
				CLANG_ANALYZER_NONNULL = YES;
				CLANG_ANALYZER_NUMBER_OBJECT_CONVERSION = YES_AGGRESSIVE;
				CLANG_CXX_LANGUAGE_STANDARD = "gnu++14";
				CLANG_CXX_LIBRARY = "libc++";
				CLANG_ENABLE_MODULES = YES;
				CLANG_ENABLE_OBJC_ARC = YES;
				CLANG_WARN_BLOCK_CAPTURE_AUTORELEASING = YES;
				CLANG_WARN_BOOL_CONVERSION = YES;
				CLANG_WARN_COMMA = YES;
				CLANG_WARN_CONSTANT_CONVERSION = YES;
				CLANG_WARN_DIRECT_OBJC_ISA_USAGE = YES_ERROR;
				CLANG_WARN_DOCUMENTATION_COMMENTS = YES;
				CLANG_WARN_EMPTY_BODY = YES;
				CLANG_WARN_ENUM_CONVERSION = YES;
				CLANG_WARN_INFINITE_RECURSION = YES;
				CLANG_WARN_INT_CONVERSION = YES;
				CLANG_WARN_NON_LITERAL_NULL_CONVERSION = YES;
				CLANG_WARN_OBJC_LITERAL_CONVERSION = YES;
				CLANG_WARN_OBJC_ROOT_CLASS = YES_ERROR;
				CLANG_WARN_RANGE_LOOP_ANALYSIS = YES;
				CLANG_WARN_STRICT_PROTOTYPES = YES;
				CLANG_WARN_SUSPICIOUS_MOVE = YES;
				CLANG_WARN_UNGUARDED_AVAILABILITY = YES_AGGRESSIVE;
				CLANG_WARN_UNREACHABLE_CODE = YES;
				CLANG_WARN__DUPLICATE_METHOD_MATCH = YES;
				CODE_SIGN_IDENTITY = "iPhone Developer";
				COPY_PHASE_STRIP = NO;
				DEBUG_INFORMATION_FORMAT = dwarf;
				ENABLE_STRICT_OBJC_MSGSEND = YES;
				ENABLE_TESTABILITY = YES;
				GCC_C_LANGUAGE_STANDARD = gnu11;
				GCC_DYNAMIC_NO_PIC = NO;
				GCC_NO_COMMON_BLOCKS = YES;
				GCC_OPTIMIZATION_LEVEL = 0;
				GCC_PREPROCESSOR_DEFINITIONS = (
					"DEBUG=1",
					"$(inherited)",
				);
				GCC_WARN_64_TO_32_BIT_CONVERSION = YES;
				GCC_WARN_ABOUT_RETURN_TYPE = YES_ERROR;
				GCC_WARN_UNDECLARED_SELECTOR = YES;
				GCC_WARN_UNINITIALIZED_AUTOS = YES_AGGRESSIVE;
				GCC_WARN_UNUSED_FUNCTION = YES;
				GCC_WARN_UNUSED_VARIABLE = YES;
				IPHONEOS_DEPLOYMENT_TARGET = 11.2;
				MTL_ENABLE_DEBUG_INFO = YES;
				ONLY_ACTIVE_ARCH = YES;
				SDKROOT = iphoneos;
				SWIFT_ACTIVE_COMPILATION_CONDITIONS = DEBUG;
				SWIFT_OPTIMIZATION_LEVEL = "-Onone";
			};
			name = Debug;
		};
		04278DCC21ACFAE4007CB3F0 /* Release */ = {
			isa = XCBuildConfiguration;
			buildSettings = {
				ALWAYS_SEARCH_USER_PATHS = NO;
				CLANG_ANALYZER_NONNULL = YES;
				CLANG_ANALYZER_NUMBER_OBJECT_CONVERSION = YES_AGGRESSIVE;
				CLANG_CXX_LANGUAGE_STANDARD = "gnu++14";
				CLANG_CXX_LIBRARY = "libc++";
				CLANG_ENABLE_MODULES = YES;
				CLANG_ENABLE_OBJC_ARC = YES;
				CLANG_WARN_BLOCK_CAPTURE_AUTORELEASING = YES;
				CLANG_WARN_BOOL_CONVERSION = YES;
				CLANG_WARN_COMMA = YES;
				CLANG_WARN_CONSTANT_CONVERSION = YES;
				CLANG_WARN_DIRECT_OBJC_ISA_USAGE = YES_ERROR;
				CLANG_WARN_DOCUMENTATION_COMMENTS = YES;
				CLANG_WARN_EMPTY_BODY = YES;
				CLANG_WARN_ENUM_CONVERSION = YES;
				CLANG_WARN_INFINITE_RECURSION = YES;
				CLANG_WARN_INT_CONVERSION = YES;
				CLANG_WARN_NON_LITERAL_NULL_CONVERSION = YES;
				CLANG_WARN_OBJC_LITERAL_CONVERSION = YES;
				CLANG_WARN_OBJC_ROOT_CLASS = YES_ERROR;
				CLANG_WARN_RANGE_LOOP_ANALYSIS = YES;
				CLANG_WARN_STRICT_PROTOTYPES = YES;
				CLANG_WARN_SUSPICIOUS_MOVE = YES;
				CLANG_WARN_UNGUARDED_AVAILABILITY = YES_AGGRESSIVE;
				CLANG_WARN_UNREACHABLE_CODE = YES;
				CLANG_WARN__DUPLICATE_METHOD_MATCH = YES;
				CODE_SIGN_IDENTITY = "iPhone Developer";
				COPY_PHASE_STRIP = NO;
				DEBUG_INFORMATION_FORMAT = "dwarf-with-dsym";
				ENABLE_NS_ASSERTIONS = NO;
				ENABLE_STRICT_OBJC_MSGSEND = YES;
				GCC_C_LANGUAGE_STANDARD = gnu11;
				GCC_NO_COMMON_BLOCKS = YES;
				GCC_WARN_64_TO_32_BIT_CONVERSION = YES;
				GCC_WARN_ABOUT_RETURN_TYPE = YES_ERROR;
				GCC_WARN_UNDECLARED_SELECTOR = YES;
				GCC_WARN_UNINITIALIZED_AUTOS = YES_AGGRESSIVE;
				GCC_WARN_UNUSED_FUNCTION = YES;
				GCC_WARN_UNUSED_VARIABLE = YES;
				IPHONEOS_DEPLOYMENT_TARGET = 11.2;
				MTL_ENABLE_DEBUG_INFO = NO;
				SDKROOT = iphoneos;
				SWIFT_OPTIMIZATION_LEVEL = "-Owholemodule";
				VALIDATE_PRODUCT = YES;
			};
			name = Release;
		};
		04278DCE21ACFAE4007CB3F0 /* Debug */ = {
			isa = XCBuildConfiguration;
			baseConfigurationReference = 541DF43EC50DBF2532C7D805 /* Pods-TheMealDB.debug.xcconfig */;
			buildSettings = {
				CODE_SIGN_STYLE = Automatic;
				DEVELOPMENT_TEAM = DJ94Y9HT46;
				INFOPLIST_FILE = "$(SRCROOT)/TheMealDB/Support/Info.plist";
				LD_RUNPATH_SEARCH_PATHS = "$(inherited) @executable_path/Frameworks";
				PRODUCT_BUNDLE_IDENTIFIER = com.HocSwift.TheMealDB;
				PRODUCT_NAME = "$(TARGET_NAME)";
				SWIFT_VERSION = 4.0;
				TARGETED_DEVICE_FAMILY = "1,2";
			};
			name = Debug;
		};
		04278DCF21ACFAE4007CB3F0 /* Release */ = {
			isa = XCBuildConfiguration;
			baseConfigurationReference = 18F0D5343A05DF23FAC81087 /* Pods-TheMealDB.release.xcconfig */;
			buildSettings = {
				CODE_SIGN_STYLE = Automatic;
				DEVELOPMENT_TEAM = DJ94Y9HT46;
				INFOPLIST_FILE = "$(SRCROOT)/TheMealDB/Support/Info.plist";
				LD_RUNPATH_SEARCH_PATHS = "$(inherited) @executable_path/Frameworks";
				PRODUCT_BUNDLE_IDENTIFIER = com.HocSwift.TheMealDB;
				PRODUCT_NAME = "$(TARGET_NAME)";
				SWIFT_VERSION = 4.0;
				TARGETED_DEVICE_FAMILY = "1,2";
			};
			name = Release;
		};
/* End XCBuildConfiguration section */

/* Begin XCConfigurationList section */
		04278DB321ACFAE4007CB3F0 /* Build configuration list for PBXProject "TheMealDB" */ = {
			isa = XCConfigurationList;
			buildConfigurations = (
				04278DCB21ACFAE4007CB3F0 /* Debug */,
				04278DCC21ACFAE4007CB3F0 /* Release */,
			);
			defaultConfigurationIsVisible = 0;
			defaultConfigurationName = Release;
		};
		04278DCD21ACFAE4007CB3F0 /* Build configuration list for PBXNativeTarget "TheMealDB" */ = {
			isa = XCConfigurationList;
			buildConfigurations = (
				04278DCE21ACFAE4007CB3F0 /* Debug */,
				04278DCF21ACFAE4007CB3F0 /* Release */,
			);
			defaultConfigurationIsVisible = 0;
			defaultConfigurationName = Release;
		};
/* End XCConfigurationList section */

/* Begin XCVersionGroup section */
		04278DC221ACFAE4007CB3F0 /* TheMealDB.xcdatamodeld */ = {
			isa = XCVersionGroup;
			children = (
				04278DC321ACFAE4007CB3F0 /* TheMealDB.xcdatamodel */,
			);
			currentVersion = 04278DC321ACFAE4007CB3F0 /* TheMealDB.xcdatamodel */;
			path = TheMealDB.xcdatamodeld;
			sourceTree = "<group>";
			versionGroupType = wrapper.xcdatamodel;
		};
/* End XCVersionGroup section */
	};
	rootObject = 04278DB021ACFAE4007CB3F0 /* Project object */;
}
