// !$*UTF8*$!
{
	archiveVersion = 1;
	classes = {
	};
	objectVersion = 48;
	objects = {

/* Begin PBXBuildFile section */
		04133A1721B17E6D004AEED5 /* CustomMealView.swift in Sources */ = {isa = PBXBuildFile; fileRef = 04133A1621B17E6D004AEED5 /* CustomMealView.swift */; };
		04278DBC21ACFAE4007CB3F0 /* AppDelegate.swift in Sources */ = {isa = PBXBuildFile; fileRef = 04278DBB21ACFAE4007CB3F0 /* AppDelegate.swift */; };
		04278DC421ACFAE4007CB3F0 /* TheMealDB.xcdatamodeld in Sources */ = {isa = PBXBuildFile; fileRef = 04278DC221ACFAE4007CB3F0 /* TheMealDB.xcdatamodeld */; };
		04278DC621ACFAE4007CB3F0 /* Assets.xcassets in Resources */ = {isa = PBXBuildFile; fileRef = 04278DC521ACFAE4007CB3F0 /* Assets.xcassets */; };
		04278DC921ACFAE4007CB3F0 /* LaunchScreen.storyboard in Resources */ = {isa = PBXBuildFile; fileRef = 04278DC721ACFAE4007CB3F0 /* LaunchScreen.storyboard */; };
		0445D50921B012110017B4E3 /* CategoryViewCell.swift in Sources */ = {isa = PBXBuildFile; fileRef = 0445D50721B012110017B4E3 /* CategoryViewCell.swift */; };
		0445D50A21B012110017B4E3 /* CategoryViewCell.xib in Resources */ = {isa = PBXBuildFile; fileRef = 0445D50821B012110017B4E3 /* CategoryViewCell.xib */; };
		0445D50E21B012620017B4E3 /* CustomTableViewController.swift in Sources */ = {isa = PBXBuildFile; fileRef = 0445D50C21B012620017B4E3 /* CustomTableViewController.swift */; };
		0445D50F21B012620017B4E3 /* CustomTableViewController.xib in Resources */ = {isa = PBXBuildFile; fileRef = 0445D50D21B012620017B4E3 /* CustomTableViewController.xib */; };
		0445D51221B029A40017B4E3 /* CategoryPresenter.swift in Sources */ = {isa = PBXBuildFile; fileRef = 0445D51121B029A40017B4E3 /* CategoryPresenter.swift */; };
		0445D51521B031510017B4E3 /* Meal.swift in Sources */ = {isa = PBXBuildFile; fileRef = 0445D51421B031510017B4E3 /* Meal.swift */; };
		044829B921AE46B500AD2CAD /* Dimesion.swift in Sources */ = {isa = PBXBuildFile; fileRef = 044829B621AE46B500AD2CAD /* Dimesion.swift */; };
		044829BA21AE46B500AD2CAD /* Resource.swift in Sources */ = {isa = PBXBuildFile; fileRef = 044829B721AE46B500AD2CAD /* Resource.swift */; };
		044829BB21AE46B500AD2CAD /* Theme.swift in Sources */ = {isa = PBXBuildFile; fileRef = 044829B821AE46B500AD2CAD /* Theme.swift */; };
		044829BE21AE46C000AD2CAD /* BaseViewController.swift in Sources */ = {isa = PBXBuildFile; fileRef = 044829BC21AE46C000AD2CAD /* BaseViewController.swift */; };
		044829BF21AE46C000AD2CAD /* BaseUIView.swift in Sources */ = {isa = PBXBuildFile; fileRef = 044829BD21AE46C000AD2CAD /* BaseUIView.swift */; };
		044829C921AE4F3200AD2CAD /* HomeViewController.swift in Sources */ = {isa = PBXBuildFile; fileRef = 044829C821AE4F3200AD2CAD /* HomeViewController.swift */; };
		047521B021B13A8C005925F1 /* Model.swift in Sources */ = {isa = PBXBuildFile; fileRef = 047521AF21B13A8C005925F1 /* Model.swift */; };
		04C3941C21AE7D3F00834E3F /* TabBarController.swift in Sources */ = {isa = PBXBuildFile; fileRef = 04C3941B21AE7D3F00834E3F /* TabBarController.swift */; };
		04C4AF2021AEA9B5004FA617 /* CustomCollectionViewController.swift in Sources */ = {isa = PBXBuildFile; fileRef = 04C4AF1B21AEA9B5004FA617 /* CustomCollectionViewController.swift */; };
		04C4AF2121AEA9B5004FA617 /* CustomCollectionViewController.xib in Resources */ = {isa = PBXBuildFile; fileRef = 04C4AF1C21AEA9B5004FA617 /* CustomCollectionViewController.xib */; };
		04C4AF2221AEA9B5004FA617 /* CustomCollectionViewCell.swift in Sources */ = {isa = PBXBuildFile; fileRef = 04C4AF1E21AEA9B5004FA617 /* CustomCollectionViewCell.swift */; };
		04C4AF2321AEA9B5004FA617 /* CustomCollectionViewCell.xib in Resources */ = {isa = PBXBuildFile; fileRef = 04C4AF1F21AEA9B5004FA617 /* CustomCollectionViewCell.xib */; };
		04EDD9F521AED69900CABF76 /* CollectionViewPresenter.swift in Sources */ = {isa = PBXBuildFile; fileRef = 04EDD9F421AED69900CABF76 /* CollectionViewPresenter.swift */; };
		9B564FBF02378E7B35EAB480 /* Pods_TheMealDB.framework in Frameworks */ = {isa = PBXBuildFile; fileRef = 9D64DE2C1D08D5281127BF7F /* Pods_TheMealDB.framework */; };
/* End PBXBuildFile section */

/* Begin PBXFileReference section */
		04133A1621B17E6D004AEED5 /* CustomMealView.swift */ = {isa = PBXFileReference; lastKnownFileType = sourcecode.swift; path = CustomMealView.swift; sourceTree = "<group>"; };
		04278DB821ACFAE4007CB3F0 /* TheMealDB.app */ = {isa = PBXFileReference; explicitFileType = wrapper.application; includeInIndex = 0; path = TheMealDB.app; sourceTree = BUILT_PRODUCTS_DIR; };
		04278DBB21ACFAE4007CB3F0 /* AppDelegate.swift */ = {isa = PBXFileReference; lastKnownFileType = sourcecode.swift; path = AppDelegate.swift; sourceTree = "<group>"; };
		04278DC321ACFAE4007CB3F0 /* TheMealDB.xcdatamodel */ = {isa = PBXFileReference; lastKnownFileType = wrapper.xcdatamodel; path = TheMealDB.xcdatamodel; sourceTree = "<group>"; };
		04278DC521ACFAE4007CB3F0 /* Assets.xcassets */ = {isa = PBXFileReference; lastKnownFileType = folder.assetcatalog; path = Assets.xcassets; sourceTree = "<group>"; };
		04278DC821ACFAE4007CB3F0 /* Base */ = {isa = PBXFileReference; lastKnownFileType = file.storyboard; name = Base; path = Base.lproj/LaunchScreen.storyboard; sourceTree = "<group>"; };
		04278DCA21ACFAE4007CB3F0 /* Info.plist */ = {isa = PBXFileReference; lastKnownFileType = text.plist.xml; path = Info.plist; sourceTree = "<group>"; };
		0445D50721B012110017B4E3 /* CategoryViewCell.swift */ = {isa = PBXFileReference; lastKnownFileType = sourcecode.swift; path = CategoryViewCell.swift; sourceTree = "<group>"; };
		0445D50821B012110017B4E3 /* CategoryViewCell.xib */ = {isa = PBXFileReference; lastKnownFileType = file.xib; path = CategoryViewCell.xib; sourceTree = "<group>"; };
		0445D50C21B012620017B4E3 /* CustomTableViewController.swift */ = {isa = PBXFileReference; lastKnownFileType = sourcecode.swift; path = CustomTableViewController.swift; sourceTree = "<group>"; };
		0445D50D21B012620017B4E3 /* CustomTableViewController.xib */ = {isa = PBXFileReference; lastKnownFileType = file.xib; path = CustomTableViewController.xib; sourceTree = "<group>"; };
		0445D51121B029A40017B4E3 /* CategoryPresenter.swift */ = {isa = PBXFileReference; lastKnownFileType = sourcecode.swift; path = CategoryPresenter.swift; sourceTree = "<group>"; };
		0445D51421B031510017B4E3 /* Meal.swift */ = {isa = PBXFileReference; lastKnownFileType = sourcecode.swift; path = Meal.swift; sourceTree = "<group>"; };
		044829B621AE46B500AD2CAD /* Dimesion.swift */ = {isa = PBXFileReference; fileEncoding = 4; lastKnownFileType = sourcecode.swift; path = Dimesion.swift; sourceTree = "<group>"; };
		044829B721AE46B500AD2CAD /* Resource.swift */ = {isa = PBXFileReference; fileEncoding = 4; lastKnownFileType = sourcecode.swift; path = Resource.swift; sourceTree = "<group>"; };
		044829B821AE46B500AD2CAD /* Theme.swift */ = {isa = PBXFileReference; fileEncoding = 4; lastKnownFileType = sourcecode.swift; path = Theme.swift; sourceTree = "<group>"; };
		044829BC21AE46C000AD2CAD /* BaseViewController.swift */ = {isa = PBXFileReference; fileEncoding = 4; lastKnownFileType = sourcecode.swift; path = BaseViewController.swift; sourceTree = "<group>"; };
		044829BD21AE46C000AD2CAD /* BaseUIView.swift */ = {isa = PBXFileReference; fileEncoding = 4; lastKnownFileType = sourcecode.swift; path = BaseUIView.swift; sourceTree = "<group>"; };
		044829C821AE4F3200AD2CAD /* HomeViewController.swift */ = {isa = PBXFileReference; lastKnownFileType = sourcecode.swift; path = HomeViewController.swift; sourceTree = "<group>"; };
		047521AF21B13A8C005925F1 /* Model.swift */ = {isa = PBXFileReference; lastKnownFileType = sourcecode.swift; path = Model.swift; sourceTree = "<group>"; };
		04C3941B21AE7D3F00834E3F /* TabBarController.swift */ = {isa = PBXFileReference; lastKnownFileType = sourcecode.swift; path = TabBarController.swift; sourceTree = "<group>"; };
		04C4AF1B21AEA9B5004FA617 /* CustomCollectionViewController.swift */ = {isa = PBXFileReference; fileEncoding = 4; lastKnownFileType = sourcecode.swift; path = CustomCollectionViewController.swift; sourceTree = "<group>"; };
		04C4AF1C21AEA9B5004FA617 /* CustomCollectionViewController.xib */ = {isa = PBXFileReference; fileEncoding = 4; lastKnownFileType = file.xib; path = CustomCollectionViewController.xib; sourceTree = "<group>"; };
		04C4AF1E21AEA9B5004FA617 /* CustomCollectionViewCell.swift */ = {isa = PBXFileReference; fileEncoding = 4; lastKnownFileType = sourcecode.swift; path = CustomCollectionViewCell.swift; sourceTree = "<group>"; };
		04C4AF1F21AEA9B5004FA617 /* CustomCollectionViewCell.xib */ = {isa = PBXFileReference; fileEncoding = 4; lastKnownFileType = file.xib; path = CustomCollectionViewCell.xib; sourceTree = "<group>"; };
		04EDD9F421AED69900CABF76 /* CollectionViewPresenter.swift */ = {isa = PBXFileReference; lastKnownFileType = sourcecode.swift; path = CollectionViewPresenter.swift; sourceTree = "<group>"; };
		18F0D5343A05DF23FAC81087 /* Pods-TheMealDB.release.xcconfig */ = {isa = PBXFileReference; includeInIndex = 1; lastKnownFileType = text.xcconfig; name = "Pods-TheMealDB.release.xcconfig"; path = "Pods/Target Support Files/Pods-TheMealDB/Pods-TheMealDB.release.xcconfig"; sourceTree = "<group>"; };
		541DF43EC50DBF2532C7D805 /* Pods-TheMealDB.debug.xcconfig */ = {isa = PBXFileReference; includeInIndex = 1; lastKnownFileType = text.xcconfig; name = "Pods-TheMealDB.debug.xcconfig"; path = "Pods/Target Support Files/Pods-TheMealDB/Pods-TheMealDB.debug.xcconfig"; sourceTree = "<group>"; };
		9D64DE2C1D08D5281127BF7F /* Pods_TheMealDB.framework */ = {isa = PBXFileReference; explicitFileType = wrapper.framework; includeInIndex = 0; path = Pods_TheMealDB.framework; sourceTree = BUILT_PRODUCTS_DIR; };
/* End PBXFileReference section */

/* Begin PBXFrameworksBuildPhase section */
		04278DB521ACFAE4007CB3F0 /* Frameworks */ = {
			isa = PBXFrameworksBuildPhase;
			buildActionMask = 2147483647;
			files = (
				9B564FBF02378E7B35EAB480 /* Pods_TheMealDB.framework in Frameworks */,
			);
			runOnlyForDeploymentPostprocessing = 0;
		};
/* End PBXFrameworksBuildPhase section */

/* Begin PBXGroup section */
		04133A1521B17E51004AEED5 /* Custom */ = {
			isa = PBXGroup;
			children = (
				04133A1621B17E6D004AEED5 /* CustomMealView.swift */,
			);
			path = Custom;
			sourceTree = "<group>";
		};
		04278DAF21ACFAE4007CB3F0 = {
			isa = PBXGroup;
			children = (
				04278DBA21ACFAE4007CB3F0 /* TheMealDB */,
				04278DB921ACFAE4007CB3F0 /* Products */,
				EAC0D2D9329A0E9EF593FD4B /* Pods */,
				74A200E48A1638EA2A0C1B62 /* Frameworks */,
			);
			sourceTree = "<group>";
		};
		04278DB921ACFAE4007CB3F0 /* Products */ = {
			isa = PBXGroup;
			children = (
				04278DB821ACFAE4007CB3F0 /* TheMealDB.app */,
			);
			name = Products;
			sourceTree = "<group>";
		};
		04278DBA21ACFAE4007CB3F0 /* TheMealDB */ = {
			isa = PBXGroup;
			children = (
				04133A1521B17E51004AEED5 /* Custom */,
				044829B321AE46B500AD2CAD /* Common */,
				044829C321AE490F00AD2CAD /* Moduls */,
				044829B121AE469100AD2CAD /* Support */,
			);
			path = TheMealDB;
			sourceTree = "<group>";
		};
		0445D50521B011230017B4E3 /* meals+TableViewController */ = {
			isa = PBXGroup;
			children = (
				0445D51321B0311D0017B4E3 /* Model */,
				0445D50621B011760017B4E3 /* View */,
				0445D50B21B012210017B4E3 /* Controller */,
				0445D51021B0298D0017B4E3 /* Presenter */,
			);
			path = "meals+TableViewController";
			sourceTree = "<group>";
		};
		0445D50621B011760017B4E3 /* View */ = {
			isa = PBXGroup;
			children = (
				0445D50721B012110017B4E3 /* CategoryViewCell.swift */,
				0445D50821B012110017B4E3 /* CategoryViewCell.xib */,
			);
			path = View;
			sourceTree = "<group>";
		};
		0445D50B21B012210017B4E3 /* Controller */ = {
			isa = PBXGroup;
			children = (
				0445D50C21B012620017B4E3 /* CustomTableViewController.swift */,
				0445D50D21B012620017B4E3 /* CustomTableViewController.xib */,
			);
			path = Controller;
			sourceTree = "<group>";
		};
		0445D51021B0298D0017B4E3 /* Presenter */ = {
			isa = PBXGroup;
			children = (
				0445D51121B029A40017B4E3 /* CategoryPresenter.swift */,
			);
			path = Presenter;
			sourceTree = "<group>";
		};
		0445D51321B0311D0017B4E3 /* Model */ = {
			isa = PBXGroup;
			children = (
				0445D51421B031510017B4E3 /* Meal.swift */,
			);
			path = Model;
			sourceTree = "<group>";
		};
		044829B121AE469100AD2CAD /* Support */ = {
			isa = PBXGroup;
			children = (
				04278DBB21ACFAE4007CB3F0 /* AppDelegate.swift */,
				04278DC521ACFAE4007CB3F0 /* Assets.xcassets */,
				04278DC721ACFAE4007CB3F0 /* LaunchScreen.storyboard */,
				04278DCA21ACFAE4007CB3F0 /* Info.plist */,
				04278DC221ACFAE4007CB3F0 /* TheMealDB.xcdatamodeld */,
			);
			path = Support;
			sourceTree = "<group>";
		};
		044829B321AE46B500AD2CAD /* Common */ = {
			isa = PBXGroup;
			children = (
				044829B421AE46B500AD2CAD /* Base */,
				044829B521AE46B500AD2CAD /* Style */,
			);
			path = Common;
			sourceTree = "<group>";
		};
		044829B421AE46B500AD2CAD /* Base */ = {
			isa = PBXGroup;
			children = (
				044829BC21AE46C000AD2CAD /* BaseViewController.swift */,
				044829BD21AE46C000AD2CAD /* BaseUIView.swift */,
			);
			path = Base;
			sourceTree = "<group>";
		};
		044829B521AE46B500AD2CAD /* Style */ = {
			isa = PBXGroup;
			children = (
				044829B621AE46B500AD2CAD /* Dimesion.swift */,
				044829B721AE46B500AD2CAD /* Resource.swift */,
				044829B821AE46B500AD2CAD /* Theme.swift */,
			);
			path = Style;
			sourceTree = "<group>";
		};
		044829C321AE490F00AD2CAD /* Moduls */ = {
			isa = PBXGroup;
			children = (
				04C3941A21AE7D1B00834E3F /* tabBarController */,
				044829C421AE491E00AD2CAD /* HomeScreen */,
			);
			path = Moduls;
			sourceTree = "<group>";
		};
		044829C421AE491E00AD2CAD /* HomeScreen */ = {
			isa = PBXGroup;
			children = (
				044829C521AE492900AD2CAD /* HomeController */,
				04C3941D21AE7FBD00834E3F /* categories+CollectionViewController */,
				0445D50521B011230017B4E3 /* meals+TableViewController */,
			);
			path = HomeScreen;
			sourceTree = "<group>";
		};
		044829C521AE492900AD2CAD /* HomeController */ = {
			isa = PBXGroup;
			children = (
				044829C821AE4F3200AD2CAD /* HomeViewController.swift */,
			);
			path = HomeController;
			sourceTree = "<group>";
		};
		047521AD21B12B5B005925F1 /* View */ = {
			isa = PBXGroup;
			children = (
				04C4AF1E21AEA9B5004FA617 /* CustomCollectionViewCell.swift */,
				04C4AF1F21AEA9B5004FA617 /* CustomCollectionViewCell.xib */,
			);
			path = View;
			sourceTree = "<group>";
		};
		047521AE21B12B7A005925F1 /* Model */ = {
			isa = PBXGroup;
			children = (
				047521AF21B13A8C005925F1 /* Model.swift */,
			);
			path = Model;
			sourceTree = "<group>";
		};
		04C3941A21AE7D1B00834E3F /* tabBarController */ = {
			isa = PBXGroup;
			children = (
				04C3941B21AE7D3F00834E3F /* TabBarController.swift */,
			);
			path = tabBarController;
			sourceTree = "<group>";
		};
		04C3941D21AE7FBD00834E3F /* categories+CollectionViewController */ = {
			isa = PBXGroup;
			children = (
				047521AE21B12B7A005925F1 /* Model */,
				047521AD21B12B5B005925F1 /* View */,
				04C3941E21AE800000834E3F /* Controller */,
				04EDD9F321AED5E100CABF76 /* Presenter */,
			);
			path = "categories+CollectionViewController";
			sourceTree = "<group>";
		};
		04C3941E21AE800000834E3F /* Controller */ = {
			isa = PBXGroup;
			children = (
				04C4AF1B21AEA9B5004FA617 /* CustomCollectionViewController.swift */,
				04C4AF1C21AEA9B5004FA617 /* CustomCollectionViewController.xib */,
			);
			path = Controller;
			sourceTree = "<group>";
		};
		04EDD9F321AED5E100CABF76 /* Presenter */ = {
			isa = PBXGroup;
			children = (
				04EDD9F421AED69900CABF76 /* CollectionViewPresenter.swift */,
			);
			path = Presenter;
			sourceTree = "<group>";
		};
		74A200E48A1638EA2A0C1B62 /* Frameworks */ = {
			isa = PBXGroup;
			children = (
				9D64DE2C1D08D5281127BF7F /* Pods_TheMealDB.framework */,
			);
			name = Frameworks;
			sourceTree = "<group>";
		};
		EAC0D2D9329A0E9EF593FD4B /* Pods */ = {
			isa = PBXGroup;
			children = (
				541DF43EC50DBF2532C7D805 /* Pods-TheMealDB.debug.xcconfig */,
				18F0D5343A05DF23FAC81087 /* Pods-TheMealDB.release.xcconfig */,
			);
			name = Pods;
			sourceTree = "<group>";
		};
/* End PBXGroup section */

/* Begin PBXNativeTarget section */
		04278DB721ACFAE4007CB3F0 /* TheMealDB */ = {
			isa = PBXNativeTarget;
			buildConfigurationList = 04278DCD21ACFAE4007CB3F0 /* Build configuration list for PBXNativeTarget "TheMealDB" */;
			buildPhases = (
				E302B19F0425FD72D3D04F0B /* [CP] Check Pods Manifest.lock */,
				04278DB421ACFAE4007CB3F0 /* Sources */,
				04278DB521ACFAE4007CB3F0 /* Frameworks */,
				04278DB621ACFAE4007CB3F0 /* Resources */,
				A07BD5BFF14A5FBCB8B6CCEE /* [CP] Embed Pods Frameworks */,
			);
			buildRules = (
			);
			dependencies = (
			);
			name = TheMealDB;
			productName = TheMealDB;
			productReference = 04278DB821ACFAE4007CB3F0 /* TheMealDB.app */;
			productType = "com.apple.product-type.application";
		};
/* End PBXNativeTarget section */

/* Begin PBXProject section */
		04278DB021ACFAE4007CB3F0 /* Project object */ = {
			isa = PBXProject;
			attributes = {
				LastSwiftUpdateCheck = 0920;
				LastUpgradeCheck = 0920;
				ORGANIZATIONNAME = mac;
				TargetAttributes = {
					04278DB721ACFAE4007CB3F0 = {
						CreatedOnToolsVersion = 9.2;
						ProvisioningStyle = Automatic;
					};
				};
			};
			buildConfigurationList = 04278DB321ACFAE4007CB3F0 /* Build configuration list for PBXProject "TheMealDB" */;
			compatibilityVersion = "Xcode 8.0";
			developmentRegion = en;
			hasScannedForEncodings = 0;
			knownRegions = (
				en,
				Base,
			);
			mainGroup = 04278DAF21ACFAE4007CB3F0;
			productRefGroup = 04278DB921ACFAE4007CB3F0 /* Products */;
			projectDirPath = "";
			projectRoot = "";
			targets = (
				04278DB721ACFAE4007CB3F0 /* TheMealDB */,
			);
		};
/* End PBXProject section */

/* Begin PBXResourcesBuildPhase section */
		04278DB621ACFAE4007CB3F0 /* Resources */ = {
			isa = PBXResourcesBuildPhase;
			buildActionMask = 2147483647;
			files = (
				04278DC921ACFAE4007CB3F0 /* LaunchScreen.storyboard in Resources */,
				04278DC621ACFAE4007CB3F0 /* Assets.xcassets in Resources */,
				0445D50F21B012620017B4E3 /* CustomTableViewController.xib in Resources */,
				04C4AF2121AEA9B5004FA617 /* CustomCollectionViewController.xib in Resources */,
				0445D50A21B012110017B4E3 /* CategoryViewCell.xib in Resources */,
				04C4AF2321AEA9B5004FA617 /* CustomCollectionViewCell.xib in Resources */,
			);
			runOnlyForDeploymentPostprocessing = 0;
		};
/* End PBXResourcesBuildPhase section */

/* Begin PBXShellScriptBuildPhase section */
		A07BD5BFF14A5FBCB8B6CCEE /* [CP] Embed Pods Frameworks */ = {
			isa = PBXShellScriptBuildPhase;
			buildActionMask = 2147483647;
			files = (
			);
			inputPaths = (
				"${SRCROOT}/Pods/Target Support Files/Pods-TheMealDB/Pods-TheMealDB-frameworks.sh",
				"${BUILT_PRODUCTS_DIR}/Alamofire/Alamofire.framework",
				"${BUILT_PRODUCTS_DIR}/ObjectMapper/ObjectMapper.framework",
				"${BUILT_PRODUCTS_DIR}/SnapKit/SnapKit.framework",
			);
			name = "[CP] Embed Pods Frameworks";
			outputPaths = (
				"${TARGET_BUILD_DIR}/${FRAMEWORKS_FOLDER_PATH}/Alamofire.framework",
				"${TARGET_BUILD_DIR}/${FRAMEWORKS_FOLDER_PATH}/ObjectMapper.framework",
				"${TARGET_BUILD_DIR}/${FRAMEWORKS_FOLDER_PATH}/SnapKit.framework",
			);
			runOnlyForDeploymentPostprocessing = 0;
			shellPath = /bin/sh;
			shellScript = "\"${SRCROOT}/Pods/Target Support Files/Pods-TheMealDB/Pods-TheMealDB-frameworks.sh\"\n";
			showEnvVarsInLog = 0;
		};
		E302B19F0425FD72D3D04F0B /* [CP] Check Pods Manifest.lock */ = {
			isa = PBXShellScriptBuildPhase;
			buildActionMask = 2147483647;
			files = (
			);
			inputPaths = (
				"${PODS_PODFILE_DIR_PATH}/Podfile.lock",
				"${PODS_ROOT}/Manifest.lock",
			);
			name = "[CP] Check Pods Manifest.lock";
			outputPaths = (
				"$(DERIVED_FILE_DIR)/Pods-TheMealDB-checkManifestLockResult.txt",
			);
			runOnlyForDeploymentPostprocessing = 0;
			shellPath = /bin/sh;
			shellScript = "diff \"${PODS_PODFILE_DIR_PATH}/Podfile.lock\" \"${PODS_ROOT}/Manifest.lock\" > /dev/null\nif [ $? != 0 ] ; then\n    # print error to STDERR\n    echo \"error: The sandbox is not in sync with the Podfile.lock. Run 'pod install' or update your CocoaPods installation.\" >&2\n    exit 1\nfi\n# This output is used by Xcode 'outputs' to avoid re-running this script phase.\necho \"SUCCESS\" > \"${SCRIPT_OUTPUT_FILE_0}\"\n";
			showEnvVarsInLog = 0;
		};
/* End PBXShellScriptBuildPhase section */

/* Begin PBXSourcesBuildPhase section */
		04278DB421ACFAE4007CB3F0 /* Sources */ = {
			isa = PBXSourcesBuildPhase;
			buildActionMask = 2147483647;
			files = (
				0445D51221B029A40017B4E3 /* CategoryPresenter.swift in Sources */,
				04278DBC21ACFAE4007CB3F0 /* AppDelegate.swift in Sources */,
				044829BA21AE46B500AD2CAD /* Resource.swift in Sources */,
				044829BF21AE46C000AD2CAD /* BaseUIView.swift in Sources */,
				044829C921AE4F3200AD2CAD /* HomeViewController.swift in Sources */,
				044829BB21AE46B500AD2CAD /* Theme.swift in Sources */,
				04C3941C21AE7D3F00834E3F /* TabBarController.swift in Sources */,
				0445D50E21B012620017B4E3 /* CustomTableViewController.swift in Sources */,
				04133A1721B17E6D004AEED5 /* CustomMealView.swift in Sources */,
				044829B921AE46B500AD2CAD /* Dimesion.swift in Sources */,
				04C4AF2021AEA9B5004FA617 /* CustomCollectionViewController.swift in Sources */,
				047521B021B13A8C005925F1 /* Model.swift in Sources */,
				04278DC421ACFAE4007CB3F0 /* TheMealDB.xcdatamodeld in Sources */,
				044829BE21AE46C000AD2CAD /* BaseViewController.swift in Sources */,
				04C4AF2221AEA9B5004FA617 /* CustomCollectionViewCell.swift in Sources */,
				0445D51521B031510017B4E3 /* Meal.swift in Sources */,
				04EDD9F521AED69900CABF76 /* CollectionViewPresenter.swift in Sources */,
				0445D50921B012110017B4E3 /* CategoryViewCell.swift in Sources */,
			);
			runOnlyForDeploymentPostprocessing = 0;
		};
/* End PBXSourcesBuildPhase section */

/* Begin PBXVariantGroup section */
		04278DC721ACFAE4007CB3F0 /* LaunchScreen.storyboard */ = {
			isa = PBXVariantGroup;
			children = (
				04278DC821ACFAE4007CB3F0 /* Base */,
			);
			name = LaunchScreen.storyboard;
			sourceTree = "<group>";
		};
/* End PBXVariantGroup section */

/* Begin XCBuildConfiguration section */
		04278DCB21ACFAE4007CB3F0 /* Debug */ = {
			isa = XCBuildConfiguration;
			buildSettings = {
				ALWAYS_SEARCH_USER_PATHS = NO;
				CLANG_ANALYZER_NONNULL = YES;
				CLANG_ANALYZER_NUMBER_OBJECT_CONVERSION = YES_AGGRESSIVE;
				CLANG_CXX_LANGUAGE_STANDARD = "gnu++14";
				CLANG_CXX_LIBRARY = "libc++";
				CLANG_ENABLE_MODULES = YES;
				CLANG_ENABLE_OBJC_ARC = YES;
				CLANG_WARN_BLOCK_CAPTURE_AUTORELEASING = YES;
				CLANG_WARN_BOOL_CONVERSION = YES;
				CLANG_WARN_COMMA = YES;
				CLANG_WARN_CONSTANT_CONVERSION = YES;
				CLANG_WARN_DIRECT_OBJC_ISA_USAGE = YES_ERROR;
				CLANG_WARN_DOCUMENTATION_COMMENTS = YES;
				CLANG_WARN_EMPTY_BODY = YES;
				CLANG_WARN_ENUM_CONVERSION = YES;
				CLANG_WARN_INFINITE_RECURSION = YES;
				CLANG_WARN_INT_CONVERSION = YES;
				CLANG_WARN_NON_LITERAL_NULL_CONVERSION = YES;
				CLANG_WARN_OBJC_LITERAL_CONVERSION = YES;
				CLANG_WARN_OBJC_ROOT_CLASS = YES_ERROR;
				CLANG_WARN_RANGE_LOOP_ANALYSIS = YES;
				CLANG_WARN_STRICT_PROTOTYPES = YES;
				CLANG_WARN_SUSPICIOUS_MOVE = YES;
				CLANG_WARN_UNGUARDED_AVAILABILITY = YES_AGGRESSIVE;
				CLANG_WARN_UNREACHABLE_CODE = YES;
				CLANG_WARN__DUPLICATE_METHOD_MATCH = YES;
				CODE_SIGN_IDENTITY = "iPhone Developer";
				COPY_PHASE_STRIP = NO;
				DEBUG_INFORMATION_FORMAT = dwarf;
				ENABLE_STRICT_OBJC_MSGSEND = YES;
				ENABLE_TESTABILITY = YES;
				GCC_C_LANGUAGE_STANDARD = gnu11;
				GCC_DYNAMIC_NO_PIC = NO;
				GCC_NO_COMMON_BLOCKS = YES;
				GCC_OPTIMIZATION_LEVEL = 0;
				GCC_PREPROCESSOR_DEFINITIONS = (
					"DEBUG=1",
					"$(inherited)",
				);
				GCC_WARN_64_TO_32_BIT_CONVERSION = YES;
				GCC_WARN_ABOUT_RETURN_TYPE = YES_ERROR;
				GCC_WARN_UNDECLARED_SELECTOR = YES;
				GCC_WARN_UNINITIALIZED_AUTOS = YES_AGGRESSIVE;
				GCC_WARN_UNUSED_FUNCTION = YES;
				GCC_WARN_UNUSED_VARIABLE = YES;
				IPHONEOS_DEPLOYMENT_TARGET = 11.2;
				MTL_ENABLE_DEBUG_INFO = YES;
				ONLY_ACTIVE_ARCH = YES;
				SDKROOT = iphoneos;
				SWIFT_ACTIVE_COMPILATION_CONDITIONS = DEBUG;
				SWIFT_OPTIMIZATION_LEVEL = "-Onone";
			};
			name = Debug;
		};
		04278DCC21ACFAE4007CB3F0 /* Release */ = {
			isa = XCBuildConfiguration;
			buildSettings = {
				ALWAYS_SEARCH_USER_PATHS = NO;
				CLANG_ANALYZER_NONNULL = YES;
				CLANG_ANALYZER_NUMBER_OBJECT_CONVERSION = YES_AGGRESSIVE;
				CLANG_CXX_LANGUAGE_STANDARD = "gnu++14";
				CLANG_CXX_LIBRARY = "libc++";
				CLANG_ENABLE_MODULES = YES;
				CLANG_ENABLE_OBJC_ARC = YES;
				CLANG_WARN_BLOCK_CAPTURE_AUTORELEASING = YES;
				CLANG_WARN_BOOL_CONVERSION = YES;
				CLANG_WARN_COMMA = YES;
				CLANG_WARN_CONSTANT_CONVERSION = YES;
				CLANG_WARN_DIRECT_OBJC_ISA_USAGE = YES_ERROR;
				CLANG_WARN_DOCUMENTATION_COMMENTS = YES;
				CLANG_WARN_EMPTY_BODY = YES;
				CLANG_WARN_ENUM_CONVERSION = YES;
				CLANG_WARN_INFINITE_RECURSION = YES;
				CLANG_WARN_INT_CONVERSION = YES;
				CLANG_WARN_NON_LITERAL_NULL_CONVERSION = YES;
				CLANG_WARN_OBJC_LITERAL_CONVERSION = YES;
				CLANG_WARN_OBJC_ROOT_CLASS = YES_ERROR;
				CLANG_WARN_RANGE_LOOP_ANALYSIS = YES;
				CLANG_WARN_STRICT_PROTOTYPES = YES;
				CLANG_WARN_SUSPICIOUS_MOVE = YES;
				CLANG_WARN_UNGUARDED_AVAILABILITY = YES_AGGRESSIVE;
				CLANG_WARN_UNREACHABLE_CODE = YES;
				CLANG_WARN__DUPLICATE_METHOD_MATCH = YES;
				CODE_SIGN_IDENTITY = "iPhone Developer";
				COPY_PHASE_STRIP = NO;
				DEBUG_INFORMATION_FORMAT = "dwarf-with-dsym";
				ENABLE_NS_ASSERTIONS = NO;
				ENABLE_STRICT_OBJC_MSGSEND = YES;
				GCC_C_LANGUAGE_STANDARD = gnu11;
				GCC_NO_COMMON_BLOCKS = YES;
				GCC_WARN_64_TO_32_BIT_CONVERSION = YES;
				GCC_WARN_ABOUT_RETURN_TYPE = YES_ERROR;
				GCC_WARN_UNDECLARED_SELECTOR = YES;
				GCC_WARN_UNINITIALIZED_AUTOS = YES_AGGRESSIVE;
				GCC_WARN_UNUSED_FUNCTION = YES;
				GCC_WARN_UNUSED_VARIABLE = YES;
				IPHONEOS_DEPLOYMENT_TARGET = 11.2;
				MTL_ENABLE_DEBUG_INFO = NO;
				SDKROOT = iphoneos;
				SWIFT_OPTIMIZATION_LEVEL = "-Owholemodule";
				VALIDATE_PRODUCT = YES;
			};
			name = Release;
		};
		04278DCE21ACFAE4007CB3F0 /* Debug */ = {
			isa = XCBuildConfiguration;
			baseConfigurationReference = 541DF43EC50DBF2532C7D805 /* Pods-TheMealDB.debug.xcconfig */;
			buildSettings = {
				ASSETCATALOG_COMPILER_APPICON_NAME = AppIcon;
				CODE_SIGN_STYLE = Automatic;
				DEVELOPMENT_TEAM = DJ94Y9HT46;
				INFOPLIST_FILE = "$(SRCROOT)/TheMealDB/Support/Info.plist";
				LD_RUNPATH_SEARCH_PATHS = "$(inherited) @executable_path/Frameworks";
				PRODUCT_BUNDLE_IDENTIFIER = com.HocSwift.TheMealDB;
				PRODUCT_NAME = "$(TARGET_NAME)";
				SWIFT_VERSION = 4.0;
				TARGETED_DEVICE_FAMILY = "1,2";
			};
			name = Debug;
		};
		04278DCF21ACFAE4007CB3F0 /* Release */ = {
			isa = XCBuildConfiguration;
			baseConfigurationReference = 18F0D5343A05DF23FAC81087 /* Pods-TheMealDB.release.xcconfig */;
			buildSettings = {
				ASSETCATALOG_COMPILER_APPICON_NAME = AppIcon;
				CODE_SIGN_STYLE = Automatic;
				DEVELOPMENT_TEAM = DJ94Y9HT46;
				INFOPLIST_FILE = "$(SRCROOT)/TheMealDB/Support/Info.plist";
				LD_RUNPATH_SEARCH_PATHS = "$(inherited) @executable_path/Frameworks";
				PRODUCT_BUNDLE_IDENTIFIER = com.HocSwift.TheMealDB;
				PRODUCT_NAME = "$(TARGET_NAME)";
				SWIFT_VERSION = 4.0;
				TARGETED_DEVICE_FAMILY = "1,2";
			};
			name = Release;
		};
/* End XCBuildConfiguration section */

/* Begin XCConfigurationList section */
		04278DB321ACFAE4007CB3F0 /* Build configuration list for PBXProject "TheMealDB" */ = {
			isa = XCConfigurationList;
			buildConfigurations = (
				04278DCB21ACFAE4007CB3F0 /* Debug */,
				04278DCC21ACFAE4007CB3F0 /* Release */,
			);
			defaultConfigurationIsVisible = 0;
			defaultConfigurationName = Release;
		};
		04278DCD21ACFAE4007CB3F0 /* Build configuration list for PBXNativeTarget "TheMealDB" */ = {
			isa = XCConfigurationList;
			buildConfigurations = (
				04278DCE21ACFAE4007CB3F0 /* Debug */,
				04278DCF21ACFAE4007CB3F0 /* Release */,
			);
			defaultConfigurationIsVisible = 0;
			defaultConfigurationName = Release;
		};
/* End XCConfigurationList section */

/* Begin XCVersionGroup section */
		04278DC221ACFAE4007CB3F0 /* TheMealDB.xcdatamodeld */ = {
			isa = XCVersionGroup;
			children = (
				04278DC321ACFAE4007CB3F0 /* TheMealDB.xcdatamodel */,
			);
			currentVersion = 04278DC321ACFAE4007CB3F0 /* TheMealDB.xcdatamodel */;
			path = TheMealDB.xcdatamodeld;
			sourceTree = "<group>";
			versionGroupType = wrapper.xcdatamodel;
		};
/* End XCVersionGroup section */
	};
	rootObject = 04278DB021ACFAE4007CB3F0 /* Project object */;
}
