PODS:
  - Alamofire (4.7.0)
  - SnapKit (4.0.0)

DEPENDENCIES:
  - Alamofire
  - SnapKit

SPEC REPOS:
  https://github.com/CocoaPods/Specs.git:
    - Alamofire
    - SnapKit

SPEC CHECKSUMS:
  Alamofire: 907e0a98eb68cdb7f9d1f541a563d6ac5dc77b25
  SnapKit: a42d492c16e80209130a3379f73596c3454b7694

PODFILE CHECKSUM: d7f1e10dbb416e90f5ccf0a4af0d45f220fff1d6

COCOAPODS: 1.5.0
